<?xml version="1.0" encoding="utf-8"?>
<Project ToolsVersion="4.0" xmlns="http://schemas.microsoft.com/developer/msbuild/2003">
  <ItemGroup>
    <Filter Include="Source Files">
      <UniqueIdentifier>{4FC737F1-C7A5-4376-A066-2A32D752A2FF}</UniqueIdentifier>
      <Extensions>cpp;c;cc;cxx;def;odl;idl;hpj;bat;asm;asmx</Extensions>
    </Filter>
    <Filter Include="Source Files\regex">
      <UniqueIdentifier>{7df32254-5723-4eb6-8b5a-91162aa42fec}</UniqueIdentifier>
    </Filter>
    <Filter Include="Source Files\Parser">
      <UniqueIdentifier>{0527365b-2236-4024-82e2-c123d53179cb}</UniqueIdentifier>
    </Filter>
    <Filter Include="Source Files\FSM">
      <UniqueIdentifier>{2761ae7a-39d7-475d-8e84-730752b6ce48}</UniqueIdentifier>
    </Filter>
    <Filter Include="Source Files\Logger">
      <UniqueIdentifier>{eb51d3f6-7576-4f2f-9a7c-759230dbcb26}</UniqueIdentifier>
    </Filter>
    <Filter Include="Source Files\Test">
      <UniqueIdentifier>{88d294d6-46d6-49e2-bd5a-dc2cf11ee326}</UniqueIdentifier>
    </Filter>
    <Filter Include="Source Files\LexAna">
      <UniqueIdentifier>{f7fa4d2c-fef1-4ec1-9b6e-31fa23a62d18}</UniqueIdentifier>
    </Filter>
  </ItemGroup>
  <ItemGroup>
    <ClCompile Include="main.cpp">
      <Filter>Source Files</Filter>
    </ClCompile>
    <ClCompile Include="FiniteStateMachine.cpp">
      <Filter>Source Files\FSM</Filter>
    </ClCompile>
    <ClCompile Include="Logger.cpp">
      <Filter>Source Files\Logger</Filter>
    </ClCompile>
    <ClCompile Include="regex.cpp">
      <Filter>Source Files\regex</Filter>
    </ClCompile>
    <ClCompile Include="Tests.ixx">
      <Filter>Source Files\Test</Filter>
    </ClCompile>
    <ClCompile Include="ParserTests.cpp">
      <Filter>Source Files\Test</Filter>
    </ClCompile>
    <ClCompile Include="LATests.cpp">
      <Filter>Source Files\Test</Filter>
    </ClCompile>
    <ClCompile Include="LLParser.hpp">
      <Filter>Source Files\Parser</Filter>
    </ClCompile>
    <ClCompile Include="PEnum.cpp">
      <Filter>Source Files\Parser</Filter>
    </ClCompile>
    <ClCompile Include="common.cpp">
      <Filter>Source Files</Filter>
    </ClCompile>
    <ClCompile Include="PTable.cpp">
      <Filter>Source Files\Parser</Filter>
    </ClCompile>
    <ClCompile Include="regexEnum.cpp">
      <Filter>Source Files\regex</Filter>
    </ClCompile>
    <ClCompile Include="regexTypedefs.cpp">
      <Filter>Source Files\regex</Filter>
    </ClCompile>
    <ClCompile Include="regexGrammar.cpp">
      <Filter>Source Files\regex</Filter>
    </ClCompile>
    <ClCompile Include="regexDFA.cpp">
      <Filter>Source Files\regex</Filter>
    </ClCompile>
    <ClCompile Include="Test.cpp">
      <Filter>Source Files</Filter>
    </ClCompile>
  </ItemGroup>
  <ItemGroup>
    <ClInclude Include="DFA.h">
      <Filter>Source Files\FSM</Filter>
    </ClInclude>
    <ClInclude Include="FiniteStateMachine.h">
      <Filter>Source Files\FSM</Filter>
    </ClInclude>
    <ClInclude Include="NFA.h">
      <Filter>Source Files\FSM</Filter>
    </ClInclude>
    <ClInclude Include="Logger.h">
      <Filter>Source Files\Logger</Filter>
    </ClInclude>
    <ClInclude Include="LRParser.hpp">
      <Filter>Source Files\Parser</Filter>
    </ClInclude>
    <ClInclude Include="Parser.h">
      <Filter>Source Files\Parser</Filter>
    </ClInclude>
    <ClInclude Include="regex.h">
      <Filter>Source Files\regex</Filter>
    </ClInclude>
    <ClInclude Include="LexicalAnalyzer.h">
      <Filter>Source Files\LexAna</Filter>
    </ClInclude>
    <ClInclude Include="PDataStructs.h">
      <Filter>Source Files\Parser</Filter>
    </ClInclude>
    <ClInclude Include="PEnum.h">
      <Filter>Source Files\Parser</Filter>
    </ClInclude>
    <ClInclude Include="PStack.h">
      <Filter>Source Files\Parser</Filter>
    </ClInclude>
    <ClInclude Include="PProduction.h">
      <Filter>Source Files\Parser</Filter>
    </ClInclude>
    <ClInclude Include="PTable.h">
      <Filter>Source Files\Parser</Filter>
    </ClInclude>
    <ClInclude Include="LADataStructs.h">
      <Filter>Source Files\LexAna</Filter>
    </ClInclude>
    <ClInclude Include="termcolor.hpp">
      <Filter>Source Files</Filter>
    </ClInclude>
    <ClInclude Include="common.h">
      <Filter>Source Files</Filter>
    </ClInclude>
    <ClInclude Include="PItem.h">
      <Filter>Source Files\Parser</Filter>
    </ClInclude>
    <ClInclude Include="LLPGenerator.h">
      <Filter>Source Files\Parser</Filter>
    </ClInclude>
    <ClInclude Include="ANSI.h">
      <Filter>Source Files</Filter>
    </ClInclude>
    <ClInclude Include="LRPGenerator.h">
      <Filter>Source Files\Parser</Filter>
    </ClInclude>
    <ClInclude Include="regexEnum.h">
      <Filter>Source Files\regex</Filter>
    </ClInclude>
    <ClInclude Include="regexToken.h">
      <Filter>Source Files\regex</Filter>
    </ClInclude>
    <ClInclude Include="regexTypedefs.h">
      <Filter>Source Files\regex</Filter>
    </ClInclude>
  </ItemGroup>
</Project>